
Microsoft Visual Studio Solution File, Format Version 12.00
# Visual Studio 2013
VisualStudioVersion = 12.0.31101.0
MinimumVisualStudioVersion = 10.0.40219.1
Project("{FAE04EC0-301F-11D3-BF4B-00C04F79EFBC}") = "FileSystemUtilities", "FileSystemUtilities\FileSystemUtilities.csproj", "{93A1C834-2769-40D4-BCEE-3D128D52E220}"
EndProject
Project("{FAE04EC0-301F-11D3-BF4B-00C04F79EFBC}") = "WindowsFormsExtensions", "WindowsFormsExtensions\WindowsFormsExtensions.csproj", "{8A07A1D7-43C5-4122-A825-90E85DC22AE9}"
EndProject
Project("{FAE04EC0-301F-11D3-BF4B-00C04F79EFBC}") = "MathExtensions", "MathExtensions\MathExtensions.csproj", "{259AEB8D-E012-4F72-9391-D6BB12982CA7}"
EndProject
Project("{FAE04EC0-301F-11D3-BF4B-00C04F79EFBC}") = "MathExtensionsTests", "MathExtensionsTests\MathExtensionsTests.csproj", "{1CECA057-5A12-4A06-9199-3A3ADA385262}"
EndProject
Project("{FAE04EC0-301F-11D3-BF4B-00C04F79EFBC}") = "StandardLibraryExtensions", "StandardLibraryExtensions\StandardLibraryExtensions.csproj", "{6491D5FB-E8DB-4ED1-8228-62D5DCAD33A7}"
EndProject
Global
	GlobalSection(SolutionConfigurationPlatforms) = preSolution
		Debug|Any CPU = Debug|Any CPU
		Release|Any CPU = Release|Any CPU
	EndGlobalSection
	GlobalSection(ProjectConfigurationPlatforms) = postSolution
		{93A1C834-2769-40D4-BCEE-3D128D52E220}.Debug|Any CPU.ActiveCfg = Debug|Any CPU
		{93A1C834-2769-40D4-BCEE-3D128D52E220}.Debug|Any CPU.Build.0 = Debug|Any CPU
		{93A1C834-2769-40D4-BCEE-3D128D52E220}.Release|Any CPU.ActiveCfg = Release|Any CPU
		{93A1C834-2769-40D4-BCEE-3D128D52E220}.Release|Any CPU.Build.0 = Release|Any CPU
		{8A07A1D7-43C5-4122-A825-90E85DC22AE9}.Debug|Any CPU.ActiveCfg = Debug|Any CPU
		{8A07A1D7-43C5-4122-A825-90E85DC22AE9}.Debug|Any CPU.Build.0 = Debug|Any CPU
		{8A07A1D7-43C5-4122-A825-90E85DC22AE9}.Release|Any CPU.ActiveCfg = Release|Any CPU
		{8A07A1D7-43C5-4122-A825-90E85DC22AE9}.Release|Any CPU.Build.0 = Release|Any CPU
		{259AEB8D-E012-4F72-9391-D6BB12982CA7}.Debug|Any CPU.ActiveCfg = Debug|Any CPU
		{259AEB8D-E012-4F72-9391-D6BB12982CA7}.Debug|Any CPU.Build.0 = Debug|Any CPU
		{259AEB8D-E012-4F72-9391-D6BB12982CA7}.Release|Any CPU.ActiveCfg = Release|Any CPU
		{259AEB8D-E012-4F72-9391-D6BB12982CA7}.Release|Any CPU.Build.0 = Release|Any CPU
		{1CECA057-5A12-4A06-9199-3A3ADA385262}.Debug|Any CPU.ActiveCfg = Debug|Any CPU
		{1CECA057-5A12-4A06-9199-3A3ADA385262}.Debug|Any CPU.Build.0 = Debug|Any CPU
		{1CECA057-5A12-4A06-9199-3A3ADA385262}.Release|Any CPU.ActiveCfg = Release|Any CPU
		{1CECA057-5A12-4A06-9199-3A3ADA385262}.Release|Any CPU.Build.0 = Release|Any CPU
		{6491D5FB-E8DB-4ED1-8228-62D5DCAD33A7}.Debug|Any CPU.ActiveCfg = Debug|Any CPU
		{6491D5FB-E8DB-4ED1-8228-62D5DCAD33A7}.Debug|Any CPU.Build.0 = Debug|Any CPU
		{6491D5FB-E8DB-4ED1-8228-62D5DCAD33A7}.Release|Any CPU.ActiveCfg = Release|Any CPU
		{6491D5FB-E8DB-4ED1-8228-62D5DCAD33A7}.Release|Any CPU.Build.0 = Release|Any CPU
	EndGlobalSection
	GlobalSection(SolutionProperties) = preSolution
		HideSolutionNode = FALSE
	EndGlobalSection
EndGlobal
